Microsoft Visual Studio Solution File, Format Version 11.00
# Visual Studio 2008

Project("{88E4D016-A45B-DC44-1AF6-D8670FC1F5C6}") = "Judgement Day", "Assembly-CSharp-vs.csproj", "{F8D22B96-D1C8-DF71-9D58-9055D1D52992}"
EndProject
Project("{88E4D016-A45B-DC44-1AF6-D8670FC1F5C6}") = "Judgement Day", "Assembly-CSharp-Editor-vs.csproj", "{41B6859A-6B0D-2DBE-7D7E-689FAA0B27C1}"
EndProject
Global
	GlobalSection(SolutionConfigurationPlatforms) = preSolution
		Debug|Any CPU = Debug|Any CPU
		Release|Any CPU = Release|Any CPU
	EndGlobalSection
	GlobalSection(ProjectConfigurationPlatforms) = postSolution
		{F8D22B96-D1C8-DF71-9D58-9055D1D52992}.Debug|Any CPU.ActiveCfg = Debug|Any CPU
		{F8D22B96-D1C8-DF71-9D58-9055D1D52992}.Debug|Any CPU.Build.0 = Debug|Any CPU
		{F8D22B96-D1C8-DF71-9D58-9055D1D52992}.Release|Any CPU.ActiveCfg = Release|Any CPU
		{F8D22B96-D1C8-DF71-9D58-9055D1D52992}.Release|Any CPU.Build.0 = Release|Any CPU
		{41B6859A-6B0D-2DBE-7D7E-689FAA0B27C1}.Debug|Any CPU.ActiveCfg = Debug|Any CPU
		{41B6859A-6B0D-2DBE-7D7E-689FAA0B27C1}.Debug|Any CPU.Build.0 = Debug|Any CPU
		{41B6859A-6B0D-2DBE-7D7E-689FAA0B27C1}.Release|Any CPU.ActiveCfg = Release|Any CPU
		{41B6859A-6B0D-2DBE-7D7E-689FAA0B27C1}.Release|Any CPU.Build.0 = Release|Any CPU
	EndGlobalSection
	GlobalSection(SolutionProperties) = preSolution
		HideSolutionNode = FALSE
	EndGlobalSection
												GlobalSection(MonoDevelopProperties) = preSolution
		StartupItem = Assembly-CSharp.csproj
		Policies = $0
		$0.TextStylePolicy = $1
		$1.inheritsSet = null
		$1.scope = text/x-csharp
		$0.CSharpFormattingPolicy = $2
		$2.inheritsSet = Mono
		$2.inheritsScope = text/x-csharp
		$2.scope = text/x-csharp
		$0.TextStylePolicy = $3
		$3.FileWidth = 120
		$3.TabWidth = 4
		$3.EolMarker = Unix
		$3.inheritsSet = Mono
		$3.inheritsScope = text/plain
		$3.scope = text/plain
	EndGlobalSection

EndGlobal
